
Microsoft Visual Studio Solution File, Format Version 12.00
# Visual Studio Version 16
VisualStudioVersion = 16.0.32930.78
MinimumVisualStudioVersion = 10.0.40219.1
Project("{FAE04EC0-301F-11D3-BF4B-00C04F79EFBC}") = "WebApplication30", "WebApplication30\WebApplication30.csproj", "{FA5271A9-A9BB-4513-B9CD-2D1065158B19}"
EndProject
Global
	GlobalSection(SolutionConfigurationPlatforms) = preSolution
		Debug|Any CPU = Debug|Any CPU
		Release|Any CPU = Release|Any CPU
	EndGlobalSection
	GlobalSection(ProjectConfigurationPlatforms) = postSolution
		{FA5271A9-A9BB-4513-B9CD-2D1065158B19}.Debug|Any CPU.ActiveCfg = Debug|Any CPU
		{FA5271A9-A9BB-4513-B9CD-2D1065158B19}.Debug|Any CPU.Build.0 = Debug|Any CPU
		{FA5271A9-A9BB-4513-B9CD-2D1065158B19}.Release|Any CPU.ActiveCfg = Release|Any CPU
		{FA5271A9-A9BB-4513-B9CD-2D1065158B19}.Release|Any CPU.Build.0 = Release|Any CPU
	EndGlobalSection
	GlobalSection(SolutionProperties) = preSolution
		HideSolutionNode = FALSE
	EndGlobalSection
	GlobalSection(ExtensibilityGlobals) = postSolution
		SolutionGuid = {295A4983-FA56-43FB-B2F4-AC13E2E891F4}
	EndGlobalSection
EndGlobal
